{
  "version": 4,
  "terraform_version": "1.5.5",
  "serial": 6,
  "lineage": "ceb87ba3-b644-1330-3f93-14c3cb98e086",
  "outputs": {},
  "resources": [
    {
      "mode": "managed",
      "type": "google_logging_metric",
      "name": "internal_error_metric",
      "provider": "provider[\"registry.terraform.io/hashicorp/google\"]",
      "instances": [
        {
          "schema_version": 0,
          "attributes": {
            "bucket_options": [],
            "description": "Count of logs with internal server error from compute engine.",
            "filter": "resource.type=gce_instance AND logName:\"projects/[PROJECT_ID]/logs/compute.googleapis.com%2Fsystem_event\" AND textPayload:\"*Status: 500 Response:nb'Internal Server Error\\n'\"",
            "id": "compute_engine_internal_error_metric",
            "label_extractors": {},
            "metric_descriptor": [
              {
                "display_name": "",
                "labels": [],
                "metric_kind": "DELTA",
                "unit": "1",
                "value_type": "INT64"
              }
            ],
            "name": "compute_engine_internal_error_metric",
            "project": "starry-diode-376414",
            "timeouts": null,
            "value_extractor": ""
          },
          "sensitive_attributes": [],
          "private": "eyJlMmJmYjczMC1lY2FhLTExZTYtOGY4OC0zNDM2M2JjN2M0YzAiOnsiY3JlYXRlIjoyNDAwMDAwMDAwMDAsImRlbGV0ZSI6MjQwMDAwMDAwMDAwLCJ1cGRhdGUiOjI0MDAwMDAwMDAwMH19"
        }
      ]
    }
  ],
  "check_results": null
}
